
Microsoft Visual Studio Solution File, Format Version 12.00
# Visual Studio Version 17
VisualStudioVersion = 17.7.34031.279
MinimumVisualStudioVersion = 10.0.40219.1
Project("{FAE04EC0-301F-11D3-BF4B-00C04F79EFBC}") = "practise6", "practise6\practise6.csproj", "{F990BAD6-EC75-4525-93F2-DA6FBE031712}"
EndProject
Global
	GlobalSection(SolutionConfigurationPlatforms) = preSolution
		Debug|Any CPU = Debug|Any CPU
		Release|Any CPU = Release|Any CPU
	EndGlobalSection
	GlobalSection(ProjectConfigurationPlatforms) = postSolution
		{F990BAD6-EC75-4525-93F2-DA6FBE031712}.Debug|Any CPU.ActiveCfg = Debug|Any CPU
		{F990BAD6-EC75-4525-93F2-DA6FBE031712}.Debug|Any CPU.Build.0 = Debug|Any CPU
		{F990BAD6-EC75-4525-93F2-DA6FBE031712}.Release|Any CPU.ActiveCfg = Release|Any CPU
		{F990BAD6-EC75-4525-93F2-DA6FBE031712}.Release|Any CPU.Build.0 = Release|Any CPU
	EndGlobalSection
	GlobalSection(SolutionProperties) = preSolution
		HideSolutionNode = FALSE
	EndGlobalSection
	GlobalSection(ExtensibilityGlobals) = postSolution
		SolutionGuid = {1C01FECA-F175-4288-BF4F-040F52CE009C}
	EndGlobalSection
EndGlobal
